<Solution>
  <Folder Name="/EventHub/">
    <Project Path="EventHub/EventHub.Web.csproj" />
  </Folder>
  <Project Path="EventHub.Core/EventHub.Core.csproj" />
  <Project Path="EventHub.Infrastructure/EventHub.Infrastructure.csproj" />
  <Project Path="EventHub.Repositories/EventHub.Repositories.csproj" />
  <Project Path="EventHub.Services/EventHub.Services.csproj" />
  <Project Path="EventHub.Tests/EventHub.Tests.csproj" />
</Solution>
